# This file is automatically @generated by Cargo.
# It is not intended for manual editing.
version = 3

[[package]]
name = "dummy-bin"
version = "0.3.0"
dependencies = [
 "dummy-lib 0.2.0",
]

[[package]]
name = "dummy-lib"
version = "0.2.0"
source = "registry+https://github.com/rust-lang/crates.io-index"
checksum = "0274d7d1a73bf3e6809a7c21c169d135e5f554b5cc12415cd6c822386b4d2343"

[[package]]
name = "dummy-lib"
version = "0.3.0"

[[package]]
name = "dummy-transitive"
version = "0.3.0"
